
Microsoft Visual Studio Solution File, Format Version 12.00
# Visual Studio 14
VisualStudioVersion = 14.0.25420.1
MinimumVisualStudioVersion = 10.0.40219.1
Project("{FAE04EC0-301F-11D3-BF4B-00C04F79EFBC}") = "CajasdeTexto.Droid", "CajasdeTexto\CajasdeTexto.Droid\CajasdeTexto.Droid.csproj", "{F8B2B1DE-016E-4C7A-9960-A9C31DDB911E}"
EndProject
Project("{FAE04EC0-301F-11D3-BF4B-00C04F79EFBC}") = "CajasdeTexto.iOS", "CajasdeTexto\CajasdeTexto.iOS\CajasdeTexto.iOS.csproj", "{FEABFB8C-6127-4AF2-B187-93BBA180D223}"
EndProject
Project("{FAE04EC0-301F-11D3-BF4B-00C04F79EFBC}") = "CajasdeTexto.UWP", "CajasdeTexto\CajasdeTexto.UWP\CajasdeTexto.UWP.csproj", "{CEF7C5C9-5328-4475-B46D-CC46C38B2F65}"
EndProject
Project("{FAE04EC0-301F-11D3-BF4B-00C04F79EFBC}") = "CajasdeTexto", "CajasdeTexto\CajasdeTexto\CajasdeTexto.csproj", "{E92758D1-2BE6-49B7-9446-6D666000667E}"
EndProject
Global
	GlobalSection(SolutionConfigurationPlatforms) = preSolution
		Ad-Hoc|Any CPU = Ad-Hoc|Any CPU
		Ad-Hoc|ARM = Ad-Hoc|ARM
		Ad-Hoc|iPhone = Ad-Hoc|iPhone
		Ad-Hoc|iPhoneSimulator = Ad-Hoc|iPhoneSimulator
		Ad-Hoc|x64 = Ad-Hoc|x64
		Ad-Hoc|x86 = Ad-Hoc|x86
		AppStore|Any CPU = AppStore|Any CPU
		AppStore|ARM = AppStore|ARM
		AppStore|iPhone = AppStore|iPhone
		AppStore|iPhoneSimulator = AppStore|iPhoneSimulator
		AppStore|x64 = AppStore|x64
		AppStore|x86 = AppStore|x86
		Debug|Any CPU = Debug|Any CPU
		Debug|ARM = Debug|ARM
		Debug|iPhone = Debug|iPhone
		Debug|iPhoneSimulator = Debug|iPhoneSimulator
		Debug|x64 = Debug|x64
		Debug|x86 = Debug|x86
		Release|Any CPU = Release|Any CPU
		Release|ARM = Release|ARM
		Release|iPhone = Release|iPhone
		Release|iPhoneSimulator = Release|iPhoneSimulator
		Release|x64 = Release|x64
		Release|x86 = Release|x86
	EndGlobalSection
	GlobalSection(ProjectConfigurationPlatforms) = postSolution
		{F8B2B1DE-016E-4C7A-9960-A9C31DDB911E}.Ad-Hoc|Any CPU.ActiveCfg = Release|Any CPU
		{F8B2B1DE-016E-4C7A-9960-A9C31DDB911E}.Ad-Hoc|Any CPU.Build.0 = Release|Any CPU
		{F8B2B1DE-016E-4C7A-9960-A9C31DDB911E}.Ad-Hoc|Any CPU.Deploy.0 = Release|Any CPU
		{F8B2B1DE-016E-4C7A-9960-A9C31DDB911E}.Ad-Hoc|ARM.ActiveCfg = Release|Any CPU
		{F8B2B1DE-016E-4C7A-9960-A9C31DDB911E}.Ad-Hoc|ARM.Build.0 = Release|Any CPU
		{F8B2B1DE-016E-4C7A-9960-A9C31DDB911E}.Ad-Hoc|ARM.Deploy.0 = Release|Any CPU
		{F8B2B1DE-016E-4C7A-9960-A9C31DDB911E}.Ad-Hoc|iPhone.ActiveCfg = Release|Any CPU
		{F8B2B1DE-016E-4C7A-9960-A9C31DDB911E}.Ad-Hoc|iPhone.Build.0 = Release|Any CPU
		{F8B2B1DE-016E-4C7A-9960-A9C31DDB911E}.Ad-Hoc|iPhone.Deploy.0 = Release|Any CPU
		{F8B2B1DE-016E-4C7A-9960-A9C31DDB911E}.Ad-Hoc|iPhoneSimulator.ActiveCfg = Release|Any CPU
		{F8B2B1DE-016E-4C7A-9960-A9C31DDB911E}.Ad-Hoc|iPhoneSimulator.Build.0 = Release|Any CPU
		{F8B2B1DE-016E-4C7A-9960-A9C31DDB911E}.Ad-Hoc|iPhoneSimulator.Deploy.0 = Release|Any CPU
		{F8B2B1DE-016E-4C7A-9960-A9C31DDB911E}.Ad-Hoc|x64.ActiveCfg = Release|Any CPU
		{F8B2B1DE-016E-4C7A-9960-A9C31DDB911E}.Ad-Hoc|x64.Build.0 = Release|Any CPU
		{F8B2B1DE-016E-4C7A-9960-A9C31DDB911E}.Ad-Hoc|x64.Deploy.0 = Release|Any CPU
		{F8B2B1DE-016E-4C7A-9960-A9C31DDB911E}.Ad-Hoc|x86.ActiveCfg = Release|Any CPU
		{F8B2B1DE-016E-4C7A-9960-A9C31DDB911E}.Ad-Hoc|x86.Build.0 = Release|Any CPU
		{F8B2B1DE-016E-4C7A-9960-A9C31DDB911E}.Ad-Hoc|x86.Deploy.0 = Release|Any CPU
		{F8B2B1DE-016E-4C7A-9960-A9C31DDB911E}.AppStore|Any CPU.ActiveCfg = Release|Any CPU
		{F8B2B1DE-016E-4C7A-9960-A9C31DDB911E}.AppStore|Any CPU.Build.0 = Release|Any CPU
		{F8B2B1DE-016E-4C7A-9960-A9C31DDB911E}.AppStore|Any CPU.Deploy.0 = Release|Any CPU
		{F8B2B1DE-016E-4C7A-9960-A9C31DDB911E}.AppStore|ARM.ActiveCfg = Release|Any CPU
		{F8B2B1DE-016E-4C7A-9960-A9C31DDB911E}.AppStore|ARM.Build.0 = Release|Any CPU
		{F8B2B1DE-016E-4C7A-9960-A9C31DDB911E}.AppStore|ARM.Deploy.0 = Release|Any CPU
		{F8B2B1DE-016E-4C7A-9960-A9C31DDB911E}.AppStore|iPhone.ActiveCfg = Release|Any CPU
		{F8B2B1DE-016E-4C7A-9960-A9C31DDB911E}.AppStore|iPhone.Build.0 = Release|Any CPU
		{F8B2B1DE-016E-4C7A-9960-A9C31DDB911E}.AppStore|iPhone.Deploy.0 = Release|Any CPU
		{F8B2B1DE-016E-4C7A-9960-A9C31DDB911E}.AppStore|iPhoneSimulator.ActiveCfg = Release|Any CPU
		{F8B2B1DE-016E-4C7A-9960-A9C31DDB911E}.AppStore|iPhoneSimulator.Build.0 = Release|Any CPU
		{F8B2B1DE-016E-4C7A-9960-A9C31DDB911E}.AppStore|iPhoneSimulator.Deploy.0 = Release|Any CPU
		{F8B2B1DE-016E-4C7A-9960-A9C31DDB911E}.AppStore|x64.ActiveCfg = Release|Any CPU
		{F8B2B1DE-016E-4C7A-9960-A9C31DDB911E}.AppStore|x64.Build.0 = Release|Any CPU
		{F8B2B1DE-016E-4C7A-9960-A9C31DDB911E}.AppStore|x64.Deploy.0 = Release|Any CPU
		{F8B2B1DE-016E-4C7A-9960-A9C31DDB911E}.AppStore|x86.ActiveCfg = Release|Any CPU
		{F8B2B1DE-016E-4C7A-9960-A9C31DDB911E}.AppStore|x86.Build.0 = Release|Any CPU
		{F8B2B1DE-016E-4C7A-9960-A9C31DDB911E}.AppStore|x86.Deploy.0 = Release|Any CPU
		{F8B2B1DE-016E-4C7A-9960-A9C31DDB911E}.Debug|Any CPU.ActiveCfg = Debug|Any CPU
		{F8B2B1DE-016E-4C7A-9960-A9C31DDB911E}.Debug|Any CPU.Build.0 = Debug|Any CPU
		{F8B2B1DE-016E-4C7A-9960-A9C31DDB911E}.Debug|Any CPU.Deploy.0 = Debug|Any CPU
		{F8B2B1DE-016E-4C7A-9960-A9C31DDB911E}.Debug|ARM.ActiveCfg = Debug|Any CPU
		{F8B2B1DE-016E-4C7A-9960-A9C31DDB911E}.Debug|ARM.Build.0 = Debug|Any CPU
		{F8B2B1DE-016E-4C7A-9960-A9C31DDB911E}.Debug|ARM.Deploy.0 = Debug|Any CPU
		{F8B2B1DE-016E-4C7A-9960-A9C31DDB911E}.Debug|iPhone.ActiveCfg = Debug|Any CPU
		{F8B2B1DE-016E-4C7A-9960-A9C31DDB911E}.Debug|iPhone.Build.0 = Debug|Any CPU
		{F8B2B1DE-016E-4C7A-9960-A9C31DDB911E}.Debug|iPhone.Deploy.0 = Debug|Any CPU
		{F8B2B1DE-016E-4C7A-9960-A9C31DDB911E}.Debug|iPhoneSimulator.ActiveCfg = Debug|Any CPU
		{F8B2B1DE-016E-4C7A-9960-A9C31DDB911E}.Debug|iPhoneSimulator.Build.0 = Debug|Any CPU
		{F8B2B1DE-016E-4C7A-9960-A9C31DDB911E}.Debug|iPhoneSimulator.Deploy.0 = Debug|Any CPU
		{F8B2B1DE-016E-4C7A-9960-A9C31DDB911E}.Debug|x64.ActiveCfg = Debug|Any CPU
		{F8B2B1DE-016E-4C7A-9960-A9C31DDB911E}.Debug|x64.Build.0 = Debug|Any CPU
		{F8B2B1DE-016E-4C7A-9960-A9C31DDB911E}.Debug|x64.Deploy.0 = Debug|Any CPU
		{F8B2B1DE-016E-4C7A-9960-A9C31DDB911E}.Debug|x86.ActiveCfg = Debug|Any CPU
		{F8B2B1DE-016E-4C7A-9960-A9C31DDB911E}.Release|Any CPU.ActiveCfg = Release|Any CPU
		{F8B2B1DE-016E-4C7A-9960-A9C31DDB911E}.Release|Any CPU.Build.0 = Release|Any CPU
		{F8B2B1DE-016E-4C7A-9960-A9C31DDB911E}.Release|Any CPU.Deploy.0 = Release|Any CPU
		{F8B2B1DE-016E-4C7A-9960-A9C31DDB911E}.Release|ARM.ActiveCfg = Release|Any CPU
		{F8B2B1DE-016E-4C7A-9960-A9C31DDB911E}.Release|ARM.Build.0 = Release|Any CPU
		{F8B2B1DE-016E-4C7A-9960-A9C31DDB911E}.Release|ARM.Deploy.0 = Release|Any CPU
		{F8B2B1DE-016E-4C7A-9960-A9C31DDB911E}.Release|iPhone.ActiveCfg = Release|Any CPU
		{F8B2B1DE-016E-4C7A-9960-A9C31DDB911E}.Release|iPhone.Build.0 = Release|Any CPU
		{F8B2B1DE-016E-4C7A-9960-A9C31DDB911E}.Release|iPhone.Deploy.0 = Release|Any CPU
		{F8B2B1DE-016E-4C7A-9960-A9C31DDB911E}.Release|iPhoneSimulator.ActiveCfg = Release|Any CPU
		{F8B2B1DE-016E-4C7A-9960-A9C31DDB911E}.Release|iPhoneSimulator.Build.0 = Release|Any CPU
		{F8B2B1DE-016E-4C7A-9960-A9C31DDB911E}.Release|iPhoneSimulator.Deploy.0 = Release|Any CPU
		{F8B2B1DE-016E-4C7A-9960-A9C31DDB911E}.Release|x64.ActiveCfg = Release|Any CPU
		{F8B2B1DE-016E-4C7A-9960-A9C31DDB911E}.Release|x64.Build.0 = Release|Any CPU
		{F8B2B1DE-016E-4C7A-9960-A9C31DDB911E}.Release|x64.Deploy.0 = Release|Any CPU
		{F8B2B1DE-016E-4C7A-9960-A9C31DDB911E}.Release|x86.ActiveCfg = Release|Any CPU
		{F8B2B1DE-016E-4C7A-9960-A9C31DDB911E}.Release|x86.Build.0 = Release|Any CPU
		{F8B2B1DE-016E-4C7A-9960-A9C31DDB911E}.Release|x86.Deploy.0 = Release|Any CPU
		{FEABFB8C-6127-4AF2-B187-93BBA180D223}.Ad-Hoc|Any CPU.ActiveCfg = Ad-Hoc|iPhone
		{FEABFB8C-6127-4AF2-B187-93BBA180D223}.Ad-Hoc|ARM.ActiveCfg = Ad-Hoc|iPhone
		{FEABFB8C-6127-4AF2-B187-93BBA180D223}.Ad-Hoc|iPhone.ActiveCfg = Ad-Hoc|iPhone
		{FEABFB8C-6127-4AF2-B187-93BBA180D223}.Ad-Hoc|iPhone.Build.0 = Ad-Hoc|iPhone
		{FEABFB8C-6127-4AF2-B187-93BBA180D223}.Ad-Hoc|iPhoneSimulator.ActiveCfg = Ad-Hoc|iPhoneSimulator
		{FEABFB8C-6127-4AF2-B187-93BBA180D223}.Ad-Hoc|iPhoneSimulator.Build.0 = Ad-Hoc|iPhoneSimulator
		{FEABFB8C-6127-4AF2-B187-93BBA180D223}.Ad-Hoc|x64.ActiveCfg = Ad-Hoc|iPhone
		{FEABFB8C-6127-4AF2-B187-93BBA180D223}.Ad-Hoc|x86.ActiveCfg = Ad-Hoc|iPhone
		{FEABFB8C-6127-4AF2-B187-93BBA180D223}.AppStore|Any CPU.ActiveCfg = AppStore|iPhone
		{FEABFB8C-6127-4AF2-B187-93BBA180D223}.AppStore|ARM.ActiveCfg = AppStore|iPhone
		{FEABFB8C-6127-4AF2-B187-93BBA180D223}.AppStore|iPhone.ActiveCfg = AppStore|iPhone
		{FEABFB8C-6127-4AF2-B187-93BBA180D223}.AppStore|iPhone.Build.0 = AppStore|iPhone
		{FEABFB8C-6127-4AF2-B187-93BBA180D223}.AppStore|iPhoneSimulator.ActiveCfg = AppStore|iPhoneSimulator
		{FEABFB8C-6127-4AF2-B187-93BBA180D223}.AppStore|iPhoneSimulator.Build.0 = AppStore|iPhoneSimulator
		{FEABFB8C-6127-4AF2-B187-93BBA180D223}.AppStore|x64.ActiveCfg = AppStore|iPhone
		{FEABFB8C-6127-4AF2-B187-93BBA180D223}.AppStore|x86.ActiveCfg = AppStore|iPhone
		{FEABFB8C-6127-4AF2-B187-93BBA180D223}.Debug|Any CPU.ActiveCfg = Debug|iPhone
		{FEABFB8C-6127-4AF2-B187-93BBA180D223}.Debug|ARM.ActiveCfg = Debug|iPhone
		{FEABFB8C-6127-4AF2-B187-93BBA180D223}.Debug|iPhone.ActiveCfg = Debug|iPhone
		{FEABFB8C-6127-4AF2-B187-93BBA180D223}.Debug|iPhone.Build.0 = Debug|iPhone
		{FEABFB8C-6127-4AF2-B187-93BBA180D223}.Debug|iPhoneSimulator.ActiveCfg = Debug|iPhoneSimulator
		{FEABFB8C-6127-4AF2-B187-93BBA180D223}.Debug|iPhoneSimulator.Build.0 = Debug|iPhoneSimulator
		{FEABFB8C-6127-4AF2-B187-93BBA180D223}.Debug|x64.ActiveCfg = Debug|iPhone
		{FEABFB8C-6127-4AF2-B187-93BBA180D223}.Debug|x86.ActiveCfg = Debug|iPhone
		{FEABFB8C-6127-4AF2-B187-93BBA180D223}.Release|Any CPU.ActiveCfg = Release|iPhone
		{FEABFB8C-6127-4AF2-B187-93BBA180D223}.Release|ARM.ActiveCfg = Release|iPhone
		{FEABFB8C-6127-4AF2-B187-93BBA180D223}.Release|iPhone.ActiveCfg = Release|iPhone
		{FEABFB8C-6127-4AF2-B187-93BBA180D223}.Release|iPhone.Build.0 = Release|iPhone
		{FEABFB8C-6127-4AF2-B187-93BBA180D223}.Release|iPhoneSimulator.ActiveCfg = Release|iPhoneSimulator
		{FEABFB8C-6127-4AF2-B187-93BBA180D223}.Release|iPhoneSimulator.Build.0 = Release|iPhoneSimulator
		{FEABFB8C-6127-4AF2-B187-93BBA180D223}.Release|x64.ActiveCfg = Release|iPhone
		{FEABFB8C-6127-4AF2-B187-93BBA180D223}.Release|x86.ActiveCfg = Release|iPhone
		{CEF7C5C9-5328-4475-B46D-CC46C38B2F65}.Ad-Hoc|Any CPU.ActiveCfg = Release|x86
		{CEF7C5C9-5328-4475-B46D-CC46C38B2F65}.Ad-Hoc|Any CPU.Build.0 = Release|x86
		{CEF7C5C9-5328-4475-B46D-CC46C38B2F65}.Ad-Hoc|Any CPU.Deploy.0 = Release|x86
		{CEF7C5C9-5328-4475-B46D-CC46C38B2F65}.Ad-Hoc|ARM.ActiveCfg = Release|ARM
		{CEF7C5C9-5328-4475-B46D-CC46C38B2F65}.Ad-Hoc|ARM.Build.0 = Release|ARM
		{CEF7C5C9-5328-4475-B46D-CC46C38B2F65}.Ad-Hoc|ARM.Deploy.0 = Release|ARM
		{CEF7C5C9-5328-4475-B46D-CC46C38B2F65}.Ad-Hoc|iPhone.ActiveCfg = Release|x86
		{CEF7C5C9-5328-4475-B46D-CC46C38B2F65}.Ad-Hoc|iPhone.Build.0 = Release|x86
		{CEF7C5C9-5328-4475-B46D-CC46C38B2F65}.Ad-Hoc|iPhone.Deploy.0 = Release|x86
		{CEF7C5C9-5328-4475-B46D-CC46C38B2F65}.Ad-Hoc|iPhoneSimulator.ActiveCfg = Release|x86
		{CEF7C5C9-5328-4475-B46D-CC46C38B2F65}.Ad-Hoc|iPhoneSimulator.Build.0 = Release|x86
		{CEF7C5C9-5328-4475-B46D-CC46C38B2F65}.Ad-Hoc|iPhoneSimulator.Deploy.0 = Release|x86
		{CEF7C5C9-5328-4475-B46D-CC46C38B2F65}.Ad-Hoc|x64.ActiveCfg = Release|x64
		{CEF7C5C9-5328-4475-B46D-CC46C38B2F65}.Ad-Hoc|x64.Build.0 = Release|x64
		{CEF7C5C9-5328-4475-B46D-CC46C38B2F65}.Ad-Hoc|x64.Deploy.0 = Release|x64
		{CEF7C5C9-5328-4475-B46D-CC46C38B2F65}.Ad-Hoc|x86.ActiveCfg = Release|x86
		{CEF7C5C9-5328-4475-B46D-CC46C38B2F65}.Ad-Hoc|x86.Build.0 = Release|x86
		{CEF7C5C9-5328-4475-B46D-CC46C38B2F65}.Ad-Hoc|x86.Deploy.0 = Release|x86
		{CEF7C5C9-5328-4475-B46D-CC46C38B2F65}.AppStore|Any CPU.ActiveCfg = Release|x86
		{CEF7C5C9-5328-4475-B46D-CC46C38B2F65}.AppStore|Any CPU.Build.0 = Release|x86
		{CEF7C5C9-5328-4475-B46D-CC46C38B2F65}.AppStore|Any CPU.Deploy.0 = Release|x86
		{CEF7C5C9-5328-4475-B46D-CC46C38B2F65}.AppStore|ARM.ActiveCfg = Release|ARM
		{CEF7C5C9-5328-4475-B46D-CC46C38B2F65}.AppStore|ARM.Build.0 = Release|ARM
		{CEF7C5C9-5328-4475-B46D-CC46C38B2F65}.AppStore|ARM.Deploy.0 = Release|ARM
		{CEF7C5C9-5328-4475-B46D-CC46C38B2F65}.AppStore|iPhone.ActiveCfg = Release|x86
		{CEF7C5C9-5328-4475-B46D-CC46C38B2F65}.AppStore|iPhone.Build.0 = Release|x86
		{CEF7C5C9-5328-4475-B46D-CC46C38B2F65}.AppStore|iPhone.Deploy.0 = Release|x86
		{CEF7C5C9-5328-4475-B46D-CC46C38B2F65}.AppStore|iPhoneSimulator.ActiveCfg = Release|x86
		{CEF7C5C9-5328-4475-B46D-CC46C38B2F65}.AppStore|iPhoneSimulator.Build.0 = Release|x86
		{CEF7C5C9-5328-4475-B46D-CC46C38B2F65}.AppStore|iPhoneSimulator.Deploy.0 = Release|x86
		{CEF7C5C9-5328-4475-B46D-CC46C38B2F65}.AppStore|x64.ActiveCfg = Release|x64
		{CEF7C5C9-5328-4475-B46D-CC46C38B2F65}.AppStore|x64.Build.0 = Release|x64
		{CEF7C5C9-5328-4475-B46D-CC46C38B2F65}.AppStore|x64.Deploy.0 = Release|x64
		{CEF7C5C9-5328-4475-B46D-CC46C38B2F65}.AppStore|x86.ActiveCfg = Release|x86
		{CEF7C5C9-5328-4475-B46D-CC46C38B2F65}.AppStore|x86.Build.0 = Release|x86
		{CEF7C5C9-5328-4475-B46D-CC46C38B2F65}.AppStore|x86.Deploy.0 = Release|x86
		{CEF7C5C9-5328-4475-B46D-CC46C38B2F65}.Debug|Any CPU.ActiveCfg = Debug|x86
		{CEF7C5C9-5328-4475-B46D-CC46C38B2F65}.Debug|ARM.ActiveCfg = Debug|ARM
		{CEF7C5C9-5328-4475-B46D-CC46C38B2F65}.Debug|ARM.Build.0 = Debug|ARM
		{CEF7C5C9-5328-4475-B46D-CC46C38B2F65}.Debug|ARM.Deploy.0 = Debug|ARM
		{CEF7C5C9-5328-4475-B46D-CC46C38B2F65}.Debug|iPhone.ActiveCfg = Debug|x86
		{CEF7C5C9-5328-4475-B46D-CC46C38B2F65}.Debug|iPhoneSimulator.ActiveCfg = Debug|x86
		{CEF7C5C9-5328-4475-B46D-CC46C38B2F65}.Debug|x64.ActiveCfg = Debug|x64
		{CEF7C5C9-5328-4475-B46D-CC46C38B2F65}.Debug|x64.Build.0 = Debug|x64
		{CEF7C5C9-5328-4475-B46D-CC46C38B2F65}.Debug|x64.Deploy.0 = Debug|x64
		{CEF7C5C9-5328-4475-B46D-CC46C38B2F65}.Debug|x86.ActiveCfg = Debug|x86
		{CEF7C5C9-5328-4475-B46D-CC46C38B2F65}.Debug|x86.Build.0 = Debug|x86
		{CEF7C5C9-5328-4475-B46D-CC46C38B2F65}.Debug|x86.Deploy.0 = Debug|x86
		{CEF7C5C9-5328-4475-B46D-CC46C38B2F65}.Release|Any CPU.ActiveCfg = Release|x86
		{CEF7C5C9-5328-4475-B46D-CC46C38B2F65}.Release|ARM.ActiveCfg = Release|ARM
		{CEF7C5C9-5328-4475-B46D-CC46C38B2F65}.Release|ARM.Build.0 = Release|ARM
		{CEF7C5C9-5328-4475-B46D-CC46C38B2F65}.Release|ARM.Deploy.0 = Release|ARM
		{CEF7C5C9-5328-4475-B46D-CC46C38B2F65}.Release|iPhone.ActiveCfg = Release|x86
		{CEF7C5C9-5328-4475-B46D-CC46C38B2F65}.Release|iPhoneSimulator.ActiveCfg = Release|x86
		{CEF7C5C9-5328-4475-B46D-CC46C38B2F65}.Release|x64.ActiveCfg = Release|x64
		{CEF7C5C9-5328-4475-B46D-CC46C38B2F65}.Release|x64.Build.0 = Release|x64
		{CEF7C5C9-5328-4475-B46D-CC46C38B2F65}.Release|x64.Deploy.0 = Release|x64
		{CEF7C5C9-5328-4475-B46D-CC46C38B2F65}.Release|x86.ActiveCfg = Release|x86
		{CEF7C5C9-5328-4475-B46D-CC46C38B2F65}.Release|x86.Build.0 = Release|x86
		{CEF7C5C9-5328-4475-B46D-CC46C38B2F65}.Release|x86.Deploy.0 = Release|x86
		{E92758D1-2BE6-49B7-9446-6D666000667E}.Ad-Hoc|Any CPU.ActiveCfg = Release|Any CPU
		{E92758D1-2BE6-49B7-9446-6D666000667E}.Ad-Hoc|Any CPU.Build.0 = Release|Any CPU
		{E92758D1-2BE6-49B7-9446-6D666000667E}.Ad-Hoc|ARM.ActiveCfg = Release|Any CPU
		{E92758D1-2BE6-49B7-9446-6D666000667E}.Ad-Hoc|ARM.Build.0 = Release|Any CPU
		{E92758D1-2BE6-49B7-9446-6D666000667E}.Ad-Hoc|iPhone.ActiveCfg = Release|Any CPU
		{E92758D1-2BE6-49B7-9446-6D666000667E}.Ad-Hoc|iPhone.Build.0 = Release|Any CPU
		{E92758D1-2BE6-49B7-9446-6D666000667E}.Ad-Hoc|iPhoneSimulator.ActiveCfg = Release|Any CPU
		{E92758D1-2BE6-49B7-9446-6D666000667E}.Ad-Hoc|iPhoneSimulator.Build.0 = Release|Any CPU
		{E92758D1-2BE6-49B7-9446-6D666000667E}.Ad-Hoc|x64.ActiveCfg = Release|Any CPU
		{E92758D1-2BE6-49B7-9446-6D666000667E}.Ad-Hoc|x64.Build.0 = Release|Any CPU
		{E92758D1-2BE6-49B7-9446-6D666000667E}.Ad-Hoc|x86.ActiveCfg = Release|Any CPU
		{E92758D1-2BE6-49B7-9446-6D666000667E}.Ad-Hoc|x86.Build.0 = Release|Any CPU
		{E92758D1-2BE6-49B7-9446-6D666000667E}.AppStore|Any CPU.ActiveCfg = Release|Any CPU
		{E92758D1-2BE6-49B7-9446-6D666000667E}.AppStore|Any CPU.Build.0 = Release|Any CPU
		{E92758D1-2BE6-49B7-9446-6D666000667E}.AppStore|ARM.ActiveCfg = Release|Any CPU
		{E92758D1-2BE6-49B7-9446-6D666000667E}.AppStore|ARM.Build.0 = Release|Any CPU
		{E92758D1-2BE6-49B7-9446-6D666000667E}.AppStore|iPhone.ActiveCfg = Release|Any CPU
		{E92758D1-2BE6-49B7-9446-6D666000667E}.AppStore|iPhone.Build.0 = Release|Any CPU
		{E92758D1-2BE6-49B7-9446-6D666000667E}.AppStore|iPhoneSimulator.ActiveCfg = Release|Any CPU
		{E92758D1-2BE6-49B7-9446-6D666000667E}.AppStore|iPhoneSimulator.Build.0 = Release|Any CPU
		{E92758D1-2BE6-49B7-9446-6D666000667E}.AppStore|x64.ActiveCfg = Release|Any CPU
		{E92758D1-2BE6-49B7-9446-6D666000667E}.AppStore|x64.Build.0 = Release|Any CPU
		{E92758D1-2BE6-49B7-9446-6D666000667E}.AppStore|x86.ActiveCfg = Release|Any CPU
		{E92758D1-2BE6-49B7-9446-6D666000667E}.AppStore|x86.Build.0 = Release|Any CPU
		{E92758D1-2BE6-49B7-9446-6D666000667E}.Debug|Any CPU.ActiveCfg = Debug|Any CPU
		{E92758D1-2BE6-49B7-9446-6D666000667E}.Debug|Any CPU.Build.0 = Debug|Any CPU
		{E92758D1-2BE6-49B7-9446-6D666000667E}.Debug|ARM.ActiveCfg = Debug|Any CPU
		{E92758D1-2BE6-49B7-9446-6D666000667E}.Debug|ARM.Build.0 = Debug|Any CPU
		{E92758D1-2BE6-49B7-9446-6D666000667E}.Debug|iPhone.ActiveCfg = Debug|Any CPU
		{E92758D1-2BE6-49B7-9446-6D666000667E}.Debug|iPhone.Build.0 = Debug|Any CPU
		{E92758D1-2BE6-49B7-9446-6D666000667E}.Debug|iPhoneSimulator.ActiveCfg = Debug|Any CPU
		{E92758D1-2BE6-49B7-9446-6D666000667E}.Debug|iPhoneSimulator.Build.0 = Debug|Any CPU
		{E92758D1-2BE6-49B7-9446-6D666000667E}.Debug|x64.ActiveCfg = Debug|Any CPU
		{E92758D1-2BE6-49B7-9446-6D666000667E}.Debug|x64.Build.0 = Debug|Any CPU
		{E92758D1-2BE6-49B7-9446-6D666000667E}.Debug|x86.ActiveCfg = Debug|Any CPU
		{E92758D1-2BE6-49B7-9446-6D666000667E}.Debug|x86.Build.0 = Debug|Any CPU
		{E92758D1-2BE6-49B7-9446-6D666000667E}.Release|Any CPU.ActiveCfg = Release|Any CPU
		{E92758D1-2BE6-49B7-9446-6D666000667E}.Release|Any CPU.Build.0 = Release|Any CPU
		{E92758D1-2BE6-49B7-9446-6D666000667E}.Release|ARM.ActiveCfg = Release|Any CPU
		{E92758D1-2BE6-49B7-9446-6D666000667E}.Release|ARM.Build.0 = Release|Any CPU
		{E92758D1-2BE6-49B7-9446-6D666000667E}.Release|iPhone.ActiveCfg = Release|Any CPU
		{E92758D1-2BE6-49B7-9446-6D666000667E}.Release|iPhone.Build.0 = Release|Any CPU
		{E92758D1-2BE6-49B7-9446-6D666000667E}.Release|iPhoneSimulator.ActiveCfg = Release|Any CPU
		{E92758D1-2BE6-49B7-9446-6D666000667E}.Release|iPhoneSimulator.Build.0 = Release|Any CPU
		{E92758D1-2BE6-49B7-9446-6D666000667E}.Release|x64.ActiveCfg = Release|Any CPU
		{E92758D1-2BE6-49B7-9446-6D666000667E}.Release|x64.Build.0 = Release|Any CPU
		{E92758D1-2BE6-49B7-9446-6D666000667E}.Release|x86.ActiveCfg = Release|Any CPU
		{E92758D1-2BE6-49B7-9446-6D666000667E}.Release|x86.Build.0 = Release|Any CPU
	EndGlobalSection
	GlobalSection(SolutionProperties) = preSolution
		HideSolutionNode = FALSE
	EndGlobalSection
EndGlobal
